
Microsoft Visual Studio Solution File, Format Version 12.00
# Visual Studio Version 17
VisualStudioVersion = 17.2.32602.215
MinimumVisualStudioVersion = 10.0.40219.1
Project("{2150E333-8FDC-42A3-9474-1A3956D46DE8}") = "ChainOfResponsibilityDesignPattern", "ChainOfResponsibilityDesignPattern", "{ADA3B123-7046-427B-9F4A-511E59C11120}"
EndProject
Project("{9A19103F-16F7-4668-BE54-9A1E7A4F7556}") = "DesignPattern.ChainOfResponsibility", "ChainOfResponsibilityDesignPattern\DesignPattern.ChainOfResponsibility\DesignPattern.ChainOfResponsibility.csproj", "{2549EE0D-F6B0-43D8-AECB-668820086D16}"
EndProject
Project("{2150E333-8FDC-42A3-9474-1A3956D46DE8}") = "CQRSDesignPattern", "CQRSDesignPattern", "{AEBA5E45-347A-4F3D-BA8F-6C1415B3569A}"
EndProject
Project("{9A19103F-16F7-4668-BE54-9A1E7A4F7556}") = "DesignPattern.CQRS", "CQRSDesignPattern\DesignPattern.CQRS\DesignPattern.CQRS.csproj", "{7826C5AD-B132-405C-91F2-36CCA42BC310}"
EndProject
Project("{2150E333-8FDC-42A3-9474-1A3956D46DE8}") = "TemplateMethodDesignPattern", "TemplateMethodDesignPattern", "{C769FE5E-455E-4376-A651-179FC906397A}"
EndProject
Project("{FAE04EC0-301F-11D3-BF4B-00C04F79EFBC}") = "DesignPattern.TemplateMethod", "TemplateMethodDesignPattern\DesignPattern.TemplateMethod\DesignPattern.TemplateMethod.csproj", "{D85FDB03-4752-4265-8AF3-6FC01CF0E4FA}"
EndProject
Global
	GlobalSection(SolutionConfigurationPlatforms) = preSolution
		Debug|Any CPU = Debug|Any CPU
		Release|Any CPU = Release|Any CPU
	EndGlobalSection
	GlobalSection(ProjectConfigurationPlatforms) = postSolution
		{2549EE0D-F6B0-43D8-AECB-668820086D16}.Debug|Any CPU.ActiveCfg = Debug|Any CPU
		{2549EE0D-F6B0-43D8-AECB-668820086D16}.Debug|Any CPU.Build.0 = Debug|Any CPU
		{2549EE0D-F6B0-43D8-AECB-668820086D16}.Release|Any CPU.ActiveCfg = Release|Any CPU
		{2549EE0D-F6B0-43D8-AECB-668820086D16}.Release|Any CPU.Build.0 = Release|Any CPU
		{7826C5AD-B132-405C-91F2-36CCA42BC310}.Debug|Any CPU.ActiveCfg = Debug|Any CPU
		{7826C5AD-B132-405C-91F2-36CCA42BC310}.Debug|Any CPU.Build.0 = Debug|Any CPU
		{7826C5AD-B132-405C-91F2-36CCA42BC310}.Release|Any CPU.ActiveCfg = Release|Any CPU
		{7826C5AD-B132-405C-91F2-36CCA42BC310}.Release|Any CPU.Build.0 = Release|Any CPU
		{D85FDB03-4752-4265-8AF3-6FC01CF0E4FA}.Debug|Any CPU.ActiveCfg = Debug|Any CPU
		{D85FDB03-4752-4265-8AF3-6FC01CF0E4FA}.Debug|Any CPU.Build.0 = Debug|Any CPU
		{D85FDB03-4752-4265-8AF3-6FC01CF0E4FA}.Release|Any CPU.ActiveCfg = Release|Any CPU
		{D85FDB03-4752-4265-8AF3-6FC01CF0E4FA}.Release|Any CPU.Build.0 = Release|Any CPU
	EndGlobalSection
	GlobalSection(SolutionProperties) = preSolution
		HideSolutionNode = FALSE
	EndGlobalSection
	GlobalSection(NestedProjects) = preSolution
		{2549EE0D-F6B0-43D8-AECB-668820086D16} = {ADA3B123-7046-427B-9F4A-511E59C11120}
		{7826C5AD-B132-405C-91F2-36CCA42BC310} = {AEBA5E45-347A-4F3D-BA8F-6C1415B3569A}
		{D85FDB03-4752-4265-8AF3-6FC01CF0E4FA} = {C769FE5E-455E-4376-A651-179FC906397A}
	EndGlobalSection
	GlobalSection(ExtensibilityGlobals) = postSolution
		SolutionGuid = {83384BF4-6D6E-482B-A9BD-1D31A48C8B66}
	EndGlobalSection
EndGlobal
